
Microsoft Visual Studio Solution File, Format Version 12.00
# Visual Studio 15
VisualStudioVersion = 15.0.28307.168
MinimumVisualStudioVersion = 10.0.40219.1
Project("{FAE04EC0-301F-11D3-BF4B-00C04F79EFBC}") = "ProjectManager.API", "ProjectManager.API\ProjectManager.API.csproj", "{EA0903CF-27CB-4475-AF31-D6A87996E144}"
EndProject
Project("{FAE04EC0-301F-11D3-BF4B-00C04F79EFBC}") = "ProjectManager.BAL", "ProjectManager.BAL\ProjectManager.BAL.csproj", "{1EED9435-5BB5-48EE-AAE3-5F57E14316CD}"
EndProject
Project("{FAE04EC0-301F-11D3-BF4B-00C04F79EFBC}") = "ProjectManager.DAL", "ProjectManager.DAL\ProjectManager.DAL.csproj", "{81554E85-5CDC-4E97-88D1-CEFB5772F491}"
EndProject
Project("{FAE04EC0-301F-11D3-BF4B-00C04F79EFBC}") = "ProjectManager.Entities", "ProjectManager.Entities\ProjectManager.Entities.csproj", "{1B545323-1173-4A3E-A866-4793ECA7C797}"
EndProject
Project("{FAE04EC0-301F-11D3-BF4B-00C04F79EFBC}") = "ProjectManager.NUnit", "ProjectManager.NUnit\ProjectManager.NUnit.csproj", "{CA601A00-2314-4F2A-BE57-5F93EAF8BA32}"
EndProject
Project("{FAE04EC0-301F-11D3-BF4B-00C04F79EFBC}") = "ProjectManager.NBench", "ProjectManager.NBench\ProjectManager.NBench.csproj", "{0AC7A62A-B86A-40B6-9F39-76F23F2A4333}"
EndProject
Global
	GlobalSection(SolutionConfigurationPlatforms) = preSolution
		Debug|Any CPU = Debug|Any CPU
		Release|Any CPU = Release|Any CPU
	EndGlobalSection
	GlobalSection(ProjectConfigurationPlatforms) = postSolution
		{EA0903CF-27CB-4475-AF31-D6A87996E144}.Debug|Any CPU.ActiveCfg = Debug|Any CPU
		{EA0903CF-27CB-4475-AF31-D6A87996E144}.Debug|Any CPU.Build.0 = Debug|Any CPU
		{EA0903CF-27CB-4475-AF31-D6A87996E144}.Release|Any CPU.ActiveCfg = Release|Any CPU
		{EA0903CF-27CB-4475-AF31-D6A87996E144}.Release|Any CPU.Build.0 = Release|Any CPU
		{1EED9435-5BB5-48EE-AAE3-5F57E14316CD}.Debug|Any CPU.ActiveCfg = Debug|Any CPU
		{1EED9435-5BB5-48EE-AAE3-5F57E14316CD}.Debug|Any CPU.Build.0 = Debug|Any CPU
		{1EED9435-5BB5-48EE-AAE3-5F57E14316CD}.Release|Any CPU.ActiveCfg = Release|Any CPU
		{1EED9435-5BB5-48EE-AAE3-5F57E14316CD}.Release|Any CPU.Build.0 = Release|Any CPU
		{81554E85-5CDC-4E97-88D1-CEFB5772F491}.Debug|Any CPU.ActiveCfg = Debug|Any CPU
		{81554E85-5CDC-4E97-88D1-CEFB5772F491}.Debug|Any CPU.Build.0 = Debug|Any CPU
		{81554E85-5CDC-4E97-88D1-CEFB5772F491}.Release|Any CPU.ActiveCfg = Release|Any CPU
		{81554E85-5CDC-4E97-88D1-CEFB5772F491}.Release|Any CPU.Build.0 = Release|Any CPU
		{1B545323-1173-4A3E-A866-4793ECA7C797}.Debug|Any CPU.ActiveCfg = Debug|Any CPU
		{1B545323-1173-4A3E-A866-4793ECA7C797}.Debug|Any CPU.Build.0 = Debug|Any CPU
		{1B545323-1173-4A3E-A866-4793ECA7C797}.Release|Any CPU.ActiveCfg = Release|Any CPU
		{1B545323-1173-4A3E-A866-4793ECA7C797}.Release|Any CPU.Build.0 = Release|Any CPU
		{CA601A00-2314-4F2A-BE57-5F93EAF8BA32}.Debug|Any CPU.ActiveCfg = Debug|Any CPU
		{CA601A00-2314-4F2A-BE57-5F93EAF8BA32}.Debug|Any CPU.Build.0 = Debug|Any CPU
		{CA601A00-2314-4F2A-BE57-5F93EAF8BA32}.Release|Any CPU.ActiveCfg = Release|Any CPU
		{CA601A00-2314-4F2A-BE57-5F93EAF8BA32}.Release|Any CPU.Build.0 = Release|Any CPU
		{0AC7A62A-B86A-40B6-9F39-76F23F2A4333}.Debug|Any CPU.ActiveCfg = Debug|Any CPU
		{0AC7A62A-B86A-40B6-9F39-76F23F2A4333}.Debug|Any CPU.Build.0 = Debug|Any CPU
		{0AC7A62A-B86A-40B6-9F39-76F23F2A4333}.Release|Any CPU.ActiveCfg = Release|Any CPU
		{0AC7A62A-B86A-40B6-9F39-76F23F2A4333}.Release|Any CPU.Build.0 = Release|Any CPU
	EndGlobalSection
	GlobalSection(SolutionProperties) = preSolution
		HideSolutionNode = FALSE
	EndGlobalSection
	GlobalSection(ExtensibilityGlobals) = postSolution
		SolutionGuid = {70D40619-D4CB-4BDD-A2E1-B1F3D81DA4C1}
	EndGlobalSection
EndGlobal
